
Microsoft Visual Studio Solution File, Format Version 12.00
# Visual Studio Version 17
VisualStudioVersion = 17.3.32929.385
MinimumVisualStudioVersion = 10.0.40219.1
Project("{FAE04EC0-301F-11D3-BF4B-00C04F79EFBC}") = "SpecFlowProject1", "SpecFlowProject1\SpecFlowProject1.csproj", "{2D775A70-7EE7-4D43-8C99-E0114CAFDB32}"
EndProject
Project("{FAE04EC0-301F-11D3-BF4B-00C04F79EFBC}") = "PageObject", "PageObject\PageObject.csproj", "{6431755F-2A4E-4A96-A122-3A995700F8E2}"
EndProject
Global
	GlobalSection(SolutionConfigurationPlatforms) = preSolution
		Debug|Any CPU = Debug|Any CPU
		Release|Any CPU = Release|Any CPU
	EndGlobalSection
	GlobalSection(ProjectConfigurationPlatforms) = postSolution
		{2D775A70-7EE7-4D43-8C99-E0114CAFDB32}.Debug|Any CPU.ActiveCfg = Debug|Any CPU
		{2D775A70-7EE7-4D43-8C99-E0114CAFDB32}.Debug|Any CPU.Build.0 = Debug|Any CPU
		{2D775A70-7EE7-4D43-8C99-E0114CAFDB32}.Release|Any CPU.ActiveCfg = Release|Any CPU
		{2D775A70-7EE7-4D43-8C99-E0114CAFDB32}.Release|Any CPU.Build.0 = Release|Any CPU
		{6431755F-2A4E-4A96-A122-3A995700F8E2}.Debug|Any CPU.ActiveCfg = Debug|Any CPU
		{6431755F-2A4E-4A96-A122-3A995700F8E2}.Debug|Any CPU.Build.0 = Debug|Any CPU
		{6431755F-2A4E-4A96-A122-3A995700F8E2}.Release|Any CPU.ActiveCfg = Release|Any CPU
		{6431755F-2A4E-4A96-A122-3A995700F8E2}.Release|Any CPU.Build.0 = Release|Any CPU
	EndGlobalSection
	GlobalSection(SolutionProperties) = preSolution
		HideSolutionNode = FALSE
	EndGlobalSection
	GlobalSection(ExtensibilityGlobals) = postSolution
		SolutionGuid = {95155639-5B29-420F-9C18-79035294F916}
	EndGlobalSection
EndGlobal
